{
  "version": 4,
  "terraform_version": "0.13.4",
  "serial": 27,
  "lineage": "f189a1a5-3e91-d7fc-c07a-854587765c5a",
  "outputs": {},
  "resources": [
    {
      "mode": "managed",
      "type": "google_cloudfunctions_function",
      "name": "http_triggered_function",
      "provider": "provider[\"registry.terraform.io/hashicorp/google\"]",
      "instances": [
        {
          "status": "tainted",
          "schema_version": 0,
          "attributes": {
            "available_memory_mb": 256,
            "build_environment_variables": null,
            "description": "Create file with the name specified in HTTP request",
            "entry_point": null,
            "environment_variables": {
              "BUCKET_NAME": "databck"
            },
            "event_trigger": null,
            "https_trigger_url": null,
            "id": "projects/cssmodule7/locations/europe-west1/functions/create_file_http",
            "ingress_settings": "ALLOW_ALL",
            "labels": null,
            "max_instances": 0,
            "name": "create_file_http",
            "project": null,
            "region": null,
            "runtime": "python37",
            "service_account_email": null,
            "source_archive_bucket": "codebck",
            "source_archive_object": "code.zip",
            "source_repository": [],
            "timeout": 60,
            "timeouts": null,
            "trigger_http": true,
            "vpc_connector": null,
            "vpc_connector_egress_settings": null
          },
          "private": "eyJlMmJmYjczMC1lY2FhLTExZTYtOGY4OC0zNDM2M2JjN2M0YzAiOnsiY3JlYXRlIjozMDAwMDAwMDAwMDAsImRlbGV0ZSI6MzAwMDAwMDAwMDAwLCJyZWFkIjozMDAwMDAwMDAwMDAsInVwZGF0ZSI6MzAwMDAwMDAwMDAwfX0=",
          "dependencies": [
            "google_storage_bucket.code_bucket",
            "google_storage_bucket.output_bucket",
            "google_storage_bucket_object.archive"
          ]
        }
      ]
    },
    {
      "mode": "managed",
      "type": "google_cloudfunctions_function_iam_member",
      "name": "invoker",
      "provider": "provider[\"registry.terraform.io/hashicorp/google\"]",
      "instances": []
    },
    {
      "mode": "managed",
      "type": "google_storage_bucket",
      "name": "code_bucket",
      "provider": "provider[\"registry.terraform.io/hashicorp/google\"]",
      "instances": [
        {
          "schema_version": 0,
          "attributes": {
            "bucket_policy_only": false,
            "cors": [],
            "default_event_based_hold": false,
            "encryption": [],
            "force_destroy": true,
            "id": "codebck",
            "labels": null,
            "lifecycle_rule": [],
            "location": "US",
            "logging": [],
            "name": "codebck",
            "project": "cssmodule7",
            "requester_pays": false,
            "retention_policy": [],
            "self_link": "https://www.googleapis.com/storage/v1/b/codebck",
            "storage_class": "STANDARD",
            "uniform_bucket_level_access": false,
            "url": "gs://codebck",
            "versioning": [],
            "website": []
          },
          "private": "bnVsbA=="
        }
      ]
    },
    {
      "mode": "managed",
      "type": "google_storage_bucket",
      "name": "output_bucket",
      "provider": "provider[\"registry.terraform.io/hashicorp/google\"]",
      "instances": [
        {
          "schema_version": 0,
          "attributes": {
            "bucket_policy_only": false,
            "cors": [],
            "default_event_based_hold": false,
            "encryption": [],
            "force_destroy": true,
            "id": "databck",
            "labels": null,
            "lifecycle_rule": [],
            "location": "US",
            "logging": [],
            "name": "databck",
            "project": "cssmodule7",
            "requester_pays": false,
            "retention_policy": [],
            "self_link": "https://www.googleapis.com/storage/v1/b/databck",
            "storage_class": "STANDARD",
            "uniform_bucket_level_access": false,
            "url": "gs://databck",
            "versioning": [],
            "website": []
          },
          "private": "bnVsbA=="
        }
      ]
    },
    {
      "mode": "managed",
      "type": "google_storage_bucket_object",
      "name": "archive",
      "provider": "provider[\"registry.terraform.io/hashicorp/google\"]",
      "instances": [
        {
          "schema_version": 0,
          "attributes": {
            "bucket": "codebck",
            "cache_control": "",
            "content": null,
            "content_disposition": "",
            "content_encoding": "",
            "content_language": "",
            "content_type": "application/zip",
            "crc32c": "QxUotg==",
            "detect_md5hash": "+cy03h0w6bdJoa9Vn8FNNw==",
            "id": "codebck-code.zip",
            "md5hash": "+cy03h0w6bdJoa9Vn8FNNw==",
            "media_link": "https://storage.googleapis.com/download/storage/v1/b/codebck/o/code.zip?generation=1606484734281762\u0026alt=media",
            "metadata": null,
            "name": "code.zip",
            "output_name": "code.zip",
            "self_link": "https://www.googleapis.com/storage/v1/b/codebck/o/code.zip",
            "source": "./code.zip",
            "storage_class": "STANDARD"
          },
          "private": "bnVsbA==",
          "dependencies": [
            "google_storage_bucket.code_bucket"
          ]
        }
      ]
    }
  ]
}
